
Microsoft Visual Studio Solution File, Format Version 12.00
# Visual Studio 16
VisualStudioVersion = 16.0.34407.143
MinimumVisualStudioVersion = 10.0.40219.1
Project("{8BC9CEB8-8B4A-11D0-8D11-00A0C91BC942}") = "AddRegexRedaction", "AddRegexRedaction.vcxproj", "{CB9E6C09-C2F2-4639-A66A-A930B706980C}"
EndProject
Global
	GlobalSection(SolutionConfigurationPlatforms) = preSolution
		Debug|ARM64 = Debug|ARM64
		Release|ARM64 = Release|ARM64
	EndGlobalSection
	GlobalSection(ProjectConfigurationPlatforms) = postSolution
		{CB9E6C09-C2F2-4639-A66A-A930B706980C}.Debug|ARM64.ActiveCfg = Debug|ARM64
		{CB9E6C09-C2F2-4639-A66A-A930B706980C}.Debug|ARM64.Build.0 = Debug|ARM64
		{CB9E6C09-C2F2-4639-A66A-A930B706980C}.Release|ARM64.ActiveCfg = Release|ARM64
		{CB9E6C09-C2F2-4639-A66A-A930B706980C}.Release|ARM64.Build.0 = Release|ARM64
	EndGlobalSection
	GlobalSection(SolutionProperties) = preSolution
		HideSolutionNode = FALSE
	EndGlobalSection
	GlobalSection(ExtensibilityGlobals) = postSolution
		SolutionGuid = {12DF038A-4D08-4A43-8669-5BA264D328C2}
	EndGlobalSection
EndGlobal
