
Microsoft Visual Studio Solution File, Format Version 12.00
# Visual Studio 16
VisualStudioVersion = 16.0.34407.143
MinimumVisualStudioVersion = 10.0.40219.1
Project("{8BC9CEB8-8B4A-11D0-8D11-00A0C91BC942}") = "FindImageResolutions", "FindImageResolutions.vcxproj", "{DA3822A3-6373-4701-A59E-5CE33509EA8B}"
EndProject
Global
	GlobalSection(SolutionConfigurationPlatforms) = preSolution
		Debug|Win32 = Debug|Win32
		Release|Win32 = Release|Win32
	EndGlobalSection
	GlobalSection(ProjectConfigurationPlatforms) = postSolution
		{DA3822A3-6373-4701-A59E-5CE33509EA8B}.Debug|Win32.ActiveCfg = Debug|Win32
		{DA3822A3-6373-4701-A59E-5CE33509EA8B}.Debug|Win32.Build.0 = Debug|Win32
		{DA3822A3-6373-4701-A59E-5CE33509EA8B}.Release|Win32.ActiveCfg = Release|Win32
		{DA3822A3-6373-4701-A59E-5CE33509EA8B}.Release|Win32.Build.0 = Release|Win32
	EndGlobalSection
	GlobalSection(SolutionProperties) = preSolution
		HideSolutionNode = FALSE
	EndGlobalSection
	GlobalSection(ExtensibilityGlobals) = postSolution
		SolutionGuid = {43381495-322E-4393-812C-3A96BF141035}
	EndGlobalSection
EndGlobal
