
Microsoft Visual Studio Solution File, Format Version 12.00
# Visual Studio 16
VisualStudioVersion = 16.0.34407.143
MinimumVisualStudioVersion = 10.0.40219.1
Project("{8BC9CEB8-8B4A-11D0-8D11-00A0C91BC942}") = "UnicodeText", "UnicodeText.vcxproj", "{26B0DAAC-1B6E-4020-BEC0-D47DDBA263C6}"
EndProject
Global
	GlobalSection(SolutionConfigurationPlatforms) = preSolution
		Debug|ARM64 = Debug|ARM64
		Release|ARM64 = Release|ARM64
	EndGlobalSection
	GlobalSection(ProjectConfigurationPlatforms) = postSolution
		{26B0DAAC-1B6E-4020-BEC0-D47DDBA263C6}.Debug|ARM64.ActiveCfg = Debug|ARM64
		{26B0DAAC-1B6E-4020-BEC0-D47DDBA263C6}.Debug|ARM64.Build.0 = Debug|ARM64
		{26B0DAAC-1B6E-4020-BEC0-D47DDBA263C6}.Release|ARM64.ActiveCfg = Release|ARM64
		{26B0DAAC-1B6E-4020-BEC0-D47DDBA263C6}.Release|ARM64.Build.0 = Release|ARM64
	EndGlobalSection
	GlobalSection(SolutionProperties) = preSolution
		HideSolutionNode = FALSE
	EndGlobalSection
	GlobalSection(ExtensibilityGlobals) = postSolution
		SolutionGuid = {1290FBB0-17A3-4980-B631-14807E0226FD}
	EndGlobalSection
EndGlobal
