
Microsoft Visual Studio Solution File, Format Version 12.00
# Visual Studio 16
VisualStudioVersion = 16.0.34407.143
MinimumVisualStudioVersion = 10.0.40219.1
Project("{8BC9CEB8-8B4A-11D0-8D11-00A0C91BC942}") = "PDFPrintDefault", "PDFPrintDefault.vcxproj", "{2DD18C42-8F5F-4741-9B3E-65B48D8C61AA}"
EndProject
Global
	GlobalSection(SolutionConfigurationPlatforms) = preSolution
		Debug|Win32 = Debug|Win32
		Release|Win32 = Release|Win32
	EndGlobalSection
	GlobalSection(ProjectConfigurationPlatforms) = postSolution
		{2DD18C42-8F5F-4741-9B3E-65B48D8C61AA}.Debug|Win32.ActiveCfg = Debug|Win32
		{2DD18C42-8F5F-4741-9B3E-65B48D8C61AA}.Debug|Win32.Build.0 = Debug|Win32
		{2DD18C42-8F5F-4741-9B3E-65B48D8C61AA}.Release|Win32.ActiveCfg = Release|Win32
		{2DD18C42-8F5F-4741-9B3E-65B48D8C61AA}.Release|Win32.Build.0 = Release|Win32
	EndGlobalSection
	GlobalSection(SolutionProperties) = preSolution
		HideSolutionNode = FALSE
	EndGlobalSection
	GlobalSection(ExtensibilityGlobals) = postSolution
		SolutionGuid = {62CC3AE0-902C-49D9-B580-5B5129D6777A}
	EndGlobalSection
EndGlobal
