
Microsoft Visual Studio Solution File, Format Version 12.00
# Visual Studio 16
VisualStudioVersion = 16.0.34407.143
MinimumVisualStudioVersion = 10.0.40219.1
Project("{8BC9CEB8-8B4A-11D0-8D11-00A0C91BC942}") = "ConvertToPDFA", "ConvertToPDFA.vcxproj", "{99CD8B64-8362-4089-A610-D878CD422581}"
EndProject
Global
	GlobalSection(SolutionConfigurationPlatforms) = preSolution
		Debug|Win32 = Debug|Win32
		Release|Win32 = Release|Win32
	EndGlobalSection
	GlobalSection(ProjectConfigurationPlatforms) = postSolution
		{99CD8B64-8362-4089-A610-D878CD422581}.Debug|Win32.ActiveCfg = Debug|Win32
		{99CD8B64-8362-4089-A610-D878CD422581}.Debug|Win32.Build.0 = Debug|Win32
		{99CD8B64-8362-4089-A610-D878CD422581}.Release|Win32.ActiveCfg = Release|Win32
		{99CD8B64-8362-4089-A610-D878CD422581}.Release|Win32.Build.0 = Release|Win32
	EndGlobalSection
	GlobalSection(SolutionProperties) = preSolution
		HideSolutionNode = FALSE
	EndGlobalSection
	GlobalSection(ExtensibilityGlobals) = postSolution
		SolutionGuid = {EE899868-DD86-4664-A819-60B008F4131C}
	EndGlobalSection
EndGlobal
