
Microsoft Visual Studio Solution File, Format Version 12.00
# Visual Studio 16
VisualStudioVersion = 16.0.34407.143
MinimumVisualStudioVersion = 10.0.40219.1
Project("{8BC9CEB8-8B4A-11D0-8D11-00A0C91BC942}") = "ConvertToPDFA", "ConvertToPDFA.vcxproj", "{99CD8B64-8362-4089-A610-D878CD422581}"
EndProject
Global
	GlobalSection(SolutionConfigurationPlatforms) = preSolution
		Debug|x64 = Debug|x64
		Release|x64 = Release|x64
	EndGlobalSection
	GlobalSection(ProjectConfigurationPlatforms) = postSolution
		{99CD8B64-8362-4089-A610-D878CD422581}.Debug|x64.ActiveCfg = Debug|x64
		{99CD8B64-8362-4089-A610-D878CD422581}.Debug|x64.Build.0 = Debug|x64
		{99CD8B64-8362-4089-A610-D878CD422581}.Release|x64.ActiveCfg = Release|x64
		{99CD8B64-8362-4089-A610-D878CD422581}.Release|x64.Build.0 = Release|x64
	EndGlobalSection
	GlobalSection(SolutionProperties) = preSolution
		HideSolutionNode = FALSE
	EndGlobalSection
	GlobalSection(ExtensibilityGlobals) = postSolution
		SolutionGuid = {6BAFEEA6-E099-4AB2-94F5-E1889F7F8436}
	EndGlobalSection
EndGlobal
