
Microsoft Visual Studio Solution File, Format Version 12.00
# Visual Studio 16
VisualStudioVersion = 16.0.34407.143
MinimumVisualStudioVersion = 10.0.40219.1
Project("{8BC9CEB8-8B4A-11D0-8D11-00A0C91BC942}") = "PDFOptimizer", "PDFOptimizer.vcxproj", "{820700EC-AC15-4F2E-9038-3FB7A0E768F1}"
EndProject
Global
	GlobalSection(SolutionConfigurationPlatforms) = preSolution
		Debug|ARM64 = Debug|ARM64
		Release|ARM64 = Release|ARM64
	EndGlobalSection
	GlobalSection(ProjectConfigurationPlatforms) = postSolution
		{820700EC-AC15-4F2E-9038-3FB7A0E768F1}.Debug|ARM64.ActiveCfg = Debug|ARM64
		{820700EC-AC15-4F2E-9038-3FB7A0E768F1}.Debug|ARM64.Build.0 = Debug|ARM64
		{820700EC-AC15-4F2E-9038-3FB7A0E768F1}.Release|ARM64.ActiveCfg = Release|ARM64
		{820700EC-AC15-4F2E-9038-3FB7A0E768F1}.Release|ARM64.Build.0 = Release|ARM64
	EndGlobalSection
	GlobalSection(SolutionProperties) = preSolution
		HideSolutionNode = FALSE
	EndGlobalSection
	GlobalSection(ExtensibilityGlobals) = postSolution
		SolutionGuid = {FD4B2CB5-9428-48CB-AADA-716032A3A2E2}
	EndGlobalSection
EndGlobal
