
Microsoft Visual Studio Solution File, Format Version 12.00
# Visual Studio 16
VisualStudioVersion = 16.0.34407.143
MinimumVisualStudioVersion = 10.0.40219.1
Project("{8BC9CEB8-8B4A-11D0-8D11-00A0C91BC942}") = "ExtractTextByPatternMatch", "ExtractCJKTextByPatternMatch.vcxproj", "{39C2FB34-1490-4C14-BDF0-70FE2DAD0E3A}"
EndProject
Global
	GlobalSection(SolutionConfigurationPlatforms) = preSolution
		Debug|x86 = Debug|x86
		Release|x86 = Release|x86
	EndGlobalSection
	GlobalSection(ProjectConfigurationPlatforms) = postSolution
		{39C2FB34-1490-4C14-BDF0-70FE2DAD0E3A}.Debug|x86.ActiveCfg = Debug|Win32
		{39C2FB34-1490-4C14-BDF0-70FE2DAD0E3A}.Debug|x86.Build.0 = Debug|Win32
		{39C2FB34-1490-4C14-BDF0-70FE2DAD0E3A}.Release|x86.ActiveCfg = Release|Win32
		{39C2FB34-1490-4C14-BDF0-70FE2DAD0E3A}.Release|x86.Build.0 = Release|Win32
	EndGlobalSection
	GlobalSection(SolutionProperties) = preSolution
		HideSolutionNode = FALSE
	EndGlobalSection
	GlobalSection(ExtensibilityGlobals) = postSolution
		SolutionGuid = {C86D293B-DDBD-4F96-8905-B1C4AD6FA555}
	EndGlobalSection
EndGlobal
