
Microsoft Visual Studio Solution File, Format Version 12.00
# Visual Studio 16
VisualStudioVersion = 16.0.34407.143
MinimumVisualStudioVersion = 10.0.40219.1
Project("{8BC9CEB8-8B4A-11D0-8D11-00A0C91BC942}") = "HelloJapan", "HelloJapan.vcxproj", "{B48E9BE6-B724-4061-8A70-6C2943F752AB}"
EndProject
Global
	GlobalSection(SolutionConfigurationPlatforms) = preSolution
		Debug|ARM64 = Debug|ARM64
		Release|ARM64 = Release|ARM64
	EndGlobalSection
	GlobalSection(ProjectConfigurationPlatforms) = postSolution
		{B48E9BE6-B724-4061-8A70-6C2943F752AB}.Debug|ARM64.ActiveCfg = Debug|ARM64
		{B48E9BE6-B724-4061-8A70-6C2943F752AB}.Debug|ARM64.Build.0 = Debug|ARM64
		{B48E9BE6-B724-4061-8A70-6C2943F752AB}.Release|ARM64.ActiveCfg = Release|ARM64
		{B48E9BE6-B724-4061-8A70-6C2943F752AB}.Release|ARM64.Build.0 = Release|ARM64
	EndGlobalSection
	GlobalSection(SolutionProperties) = preSolution
		HideSolutionNode = FALSE
	EndGlobalSection
	GlobalSection(ExtensibilityGlobals) = postSolution
		SolutionGuid = {8C8FB25E-D1EB-49D0-A5D1-78ADC3A10E19}
	EndGlobalSection
EndGlobal
