
Microsoft Visual Studio Solution File, Format Version 12.00
# Visual Studio 16
VisualStudioVersion = 16.0.34407.143
MinimumVisualStudioVersion = 10.0.40219.1
Project("{8BC9CEB8-8B4A-11D0-8D11-00A0C91BC942}") = "RegexExtractText", "RegexExtractText.vcxproj", "{8D7DCD93-AE4D-4C33-84A6-74E2F1DE8A4A}"
EndProject
Global
	GlobalSection(SolutionConfigurationPlatforms) = preSolution
		Debug|Win32 = Debug|Win32
		Release|Win32 = Release|Win32
	EndGlobalSection
	GlobalSection(ProjectConfigurationPlatforms) = postSolution
		{8D7DCD93-AE4D-4C33-84A6-74E2F1DE8A4A}.Debug|Win32.ActiveCfg = Debug|Win32
		{8D7DCD93-AE4D-4C33-84A6-74E2F1DE8A4A}.Debug|Win32.Build.0 = Debug|Win32
		{8D7DCD93-AE4D-4C33-84A6-74E2F1DE8A4A}.Release|Win32.ActiveCfg = Release|Win32
		{8D7DCD93-AE4D-4C33-84A6-74E2F1DE8A4A}.Release|Win32.Build.0 = Release|Win32
	EndGlobalSection
	GlobalSection(SolutionProperties) = preSolution
		HideSolutionNode = FALSE
	EndGlobalSection
	GlobalSection(ExtensibilityGlobals) = postSolution
		SolutionGuid = {34549B94-37AF-484C-BDEA-73A85500FBD4}
	EndGlobalSection
EndGlobal
