
Microsoft Visual Studio Solution File, Format Version 12.00
# Visual Studio Version 16
VisualStudioVersion = 16.0.34407.143
MinimumVisualStudioVersion = 10.0.40219.1
Project("{8BC9CEB8-8B4A-11D0-8D11-00A0C91BC942}") = "FlattenForms", "FlattenForms.vcxproj", "{50887C2C-5033-4DB4-81F5-969ED71D2FAE}"
EndProject
Global
	GlobalSection(SolutionConfigurationPlatforms) = preSolution
		Debug|x64 = Debug|x64
		Release|x64 = Release|x64
	EndGlobalSection
	GlobalSection(ProjectConfigurationPlatforms) = postSolution
		{50887C2C-5033-4DB4-81F5-969ED71D2FAE}.Debug|x64.ActiveCfg = Debug|x64
		{50887C2C-5033-4DB4-81F5-969ED71D2FAE}.Debug|x64.Build.0 = Debug|x64
		{50887C2C-5033-4DB4-81F5-969ED71D2FAE}.Release|x64.ActiveCfg = Release|x64
		{50887C2C-5033-4DB4-81F5-969ED71D2FAE}.Release|x64.Build.0 = Release|x64
	EndGlobalSection
	GlobalSection(SolutionProperties) = preSolution
		HideSolutionNode = FALSE
	EndGlobalSection
	GlobalSection(ExtensibilityGlobals) = postSolution
		SolutionGuid = {F39FD369-1793-4693-ADB2-5D8B30564889}
	EndGlobalSection
EndGlobal
