
Microsoft Visual Studio Solution File, Format Version 12.00
# Visual Studio Version 16
VisualStudioVersion = 16.0.35425.106
MinimumVisualStudioVersion = 10.0.40219.1
Project("{8BC9CEB8-8B4A-11D0-8D11-00A0C91BC942}") = "AddBasicPAdESElectronicSignature", "AddBasicPAdESElectronicSignature.vcxproj", "{7928DA23-DF4A-45D3-B7A4-AB31C08A13FA}"
EndProject
Global
	GlobalSection(SolutionConfigurationPlatforms) = preSolution
		Debug|x64 = Debug|x64
		Release|x64 = Release|x64
	EndGlobalSection
	GlobalSection(ProjectConfigurationPlatforms) = postSolution
		{7928DA23-DF4A-45D3-B7A4-AB31C08A13FA}.Debug|x64.ActiveCfg = Debug|x64
		{7928DA23-DF4A-45D3-B7A4-AB31C08A13FA}.Debug|x64.Build.0 = Debug|x64
		{7928DA23-DF4A-45D3-B7A4-AB31C08A13FA}.Release|x64.ActiveCfg = Release|x64
		{7928DA23-DF4A-45D3-B7A4-AB31C08A13FA}.Release|x64.Build.0 = Release|x64
	EndGlobalSection
	GlobalSection(SolutionProperties) = preSolution
		HideSolutionNode = FALSE
	EndGlobalSection
	GlobalSection(ExtensibilityGlobals) = postSolution
		SolutionGuid = {78D1DB5F-A5AC-48CE-8C11-DCC96286A96C}
	EndGlobalSection
EndGlobal
