
Microsoft Visual Studio Solution File, Format Version 12.00
# Visual Studio 16
VisualStudioVersion = 16.0.34407.143
MinimumVisualStudioVersion = 10.0.40219.1
Project("{8BC9CEB8-8B4A-11D0-8D11-00A0C91BC942}") = "AddThumbnailsToPDF", "AddThumbnailsToPDF.vcxproj", "{1D29C4C9-4701-44D3-AC89-1A415832DF93}"
EndProject
Global
	GlobalSection(SolutionConfigurationPlatforms) = preSolution
		Debug|Win32 = Debug|Win32
		Release|Win32 = Release|Win32
	EndGlobalSection
	GlobalSection(ProjectConfigurationPlatforms) = postSolution
		{1D29C4C9-4701-44D3-AC89-1A415832DF93}.Debug|Win32.ActiveCfg = Debug|Win32
		{1D29C4C9-4701-44D3-AC89-1A415832DF93}.Debug|Win32.Build.0 = Debug|Win32
		{1D29C4C9-4701-44D3-AC89-1A415832DF93}.Release|Win32.ActiveCfg = Release|Win32
		{1D29C4C9-4701-44D3-AC89-1A415832DF93}.Release|Win32.Build.0 = Release|Win32
	EndGlobalSection
	GlobalSection(SolutionProperties) = preSolution
		HideSolutionNode = FALSE
	EndGlobalSection
	GlobalSection(ExtensibilityGlobals) = postSolution
		SolutionGuid = {A02F146A-BC84-412D-B6E2-7B5D25227F7D}
	EndGlobalSection
EndGlobal
