
Microsoft Visual Studio Solution File, Format Version 12.00
# Visual Studio 16
VisualStudioVersion = 16.0.34407.143
MinimumVisualStudioVersion = 10.0.40219.1
Project("{8BC9CEB8-8B4A-11D0-8D11-00A0C91BC942}") = "ConvertToPDFX", "ConvertToPDFX.vcxproj", "{A51E0247-F7EF-4C7E-96B7-F50752C73D81}"
EndProject
Global
	GlobalSection(SolutionConfigurationPlatforms) = preSolution
		Debug|x64 = Debug|x64
		Release|x64 = Release|x64
	EndGlobalSection
	GlobalSection(ProjectConfigurationPlatforms) = postSolution
		{A51E0247-F7EF-4C7E-96B7-F50752C73D81}.Debug|x64.ActiveCfg = Debug|x64
		{A51E0247-F7EF-4C7E-96B7-F50752C73D81}.Debug|x64.Build.0 = Debug|x64
		{A51E0247-F7EF-4C7E-96B7-F50752C73D81}.Release|x64.ActiveCfg = Release|x64
		{A51E0247-F7EF-4C7E-96B7-F50752C73D81}.Release|x64.Build.0 = Release|x64
	EndGlobalSection
	GlobalSection(SolutionProperties) = preSolution
		HideSolutionNode = FALSE
	EndGlobalSection
	GlobalSection(ExtensibilityGlobals) = postSolution
		SolutionGuid = {3654623F-72C3-4FF7-AE9F-DDA1A8CF4A86}
	EndGlobalSection
EndGlobal
