
Microsoft Visual Studio Solution File, Format Version 12.00
# Visual Studio 16
VisualStudioVersion = 16.0.34407.143
MinimumVisualStudioVersion = 10.0.40219.1
Project("{8BC9CEB8-8B4A-11D0-8D11-00A0C91BC942}") = "ConvertWebToPDF", "ConvertWebToPDF.vcxproj", "{A7B3E2F1-5C4D-4E8A-9F1B-6D2C3E4F5A0B}"
EndProject
Global
	GlobalSection(SolutionConfigurationPlatforms) = preSolution
		Debug|Win32 = Debug|Win32
		Release|Win32 = Release|Win32
	EndGlobalSection
	GlobalSection(ProjectConfigurationPlatforms) = postSolution
		{A7B3E2F1-5C4D-4E8A-9F1B-6D2C3E4F5A0B}.Debug|Win32.ActiveCfg = Debug|Win32
		{A7B3E2F1-5C4D-4E8A-9F1B-6D2C3E4F5A0B}.Debug|Win32.Build.0 = Debug|Win32
		{A7B3E2F1-5C4D-4E8A-9F1B-6D2C3E4F5A0B}.Release|Win32.ActiveCfg = Release|Win32
		{A7B3E2F1-5C4D-4E8A-9F1B-6D2C3E4F5A0B}.Release|Win32.Build.0 = Release|Win32
	EndGlobalSection
	GlobalSection(SolutionProperties) = preSolution
		HideSolutionNode = FALSE
	EndGlobalSection
	GlobalSection(ExtensibilityGlobals) = postSolution
		SolutionGuid = {3E8D5F21-7A91-4C64-B15D-8F2A7B3D6C11}
	EndGlobalSection
EndGlobal
