
Microsoft Visual Studio Solution File, Format Version 12.00
# Visual Studio 16
VisualStudioVersion = 16.0.34407.143
MinimumVisualStudioVersion = 10.0.40219.1
Project("{8BC9CEB8-8B4A-11D0-8D11-00A0C91BC942}") = "EncryptDocument", "EncryptDocument.vcxproj", "{B8BF52E0-2350-47E4-B2B9-DC429C396DD2}"
EndProject
Global
	GlobalSection(SolutionConfigurationPlatforms) = preSolution
		Debug|Win32 = Debug|Win32
		Release|Win32 = Release|Win32
	EndGlobalSection
	GlobalSection(ProjectConfigurationPlatforms) = postSolution
		{B8BF52E0-2350-47E4-B2B9-DC429C396DD2}.Debug|Win32.ActiveCfg = Debug|Win32
		{B8BF52E0-2350-47E4-B2B9-DC429C396DD2}.Debug|Win32.Build.0 = Debug|Win32
		{B8BF52E0-2350-47E4-B2B9-DC429C396DD2}.Release|Win32.ActiveCfg = Release|Win32
		{B8BF52E0-2350-47E4-B2B9-DC429C396DD2}.Release|Win32.Build.0 = Release|Win32
	EndGlobalSection
	GlobalSection(SolutionProperties) = preSolution
		HideSolutionNode = FALSE
	EndGlobalSection
	GlobalSection(ExtensibilityGlobals) = postSolution
		SolutionGuid = {04FC1832-61FA-49DF-BF41-D971895B4753}
	EndGlobalSection
EndGlobal
