
Microsoft Visual Studio Solution File, Format Version 12.00
# Visual Studio 16
VisualStudioVersion = 16.0.34407.143
MinimumVisualStudioVersion = 10.0.40219.1
Project("{8BC9CEB8-8B4A-11D0-8D11-00A0C91BC942}") = "ExtractText", "ExtractText.vcxproj", "{2E8F147F-1CB9-4345-9CBE-EE28312F224D}"
EndProject
Global
	GlobalSection(SolutionConfigurationPlatforms) = preSolution
		Debug|ARM64 = Debug|ARM64
		Release|ARM64 = Release|ARM64
	EndGlobalSection
	GlobalSection(ProjectConfigurationPlatforms) = postSolution
		{2E8F147F-1CB9-4345-9CBE-EE28312F224D}.Debug|ARM64.ActiveCfg = Debug|ARM64
		{2E8F147F-1CB9-4345-9CBE-EE28312F224D}.Debug|ARM64.Build.0 = Debug|ARM64
		{2E8F147F-1CB9-4345-9CBE-EE28312F224D}.Release|ARM64.ActiveCfg = Release|ARM64
		{2E8F147F-1CB9-4345-9CBE-EE28312F224D}.Release|ARM64.Build.0 = Release|ARM64
	EndGlobalSection
	GlobalSection(SolutionProperties) = preSolution
		HideSolutionNode = FALSE
	EndGlobalSection
	GlobalSection(ExtensibilityGlobals) = postSolution
		SolutionGuid = {05212770-8624-474A-AEE3-D5C3E24355F9}
	EndGlobalSection
EndGlobal
