
Microsoft Visual Studio Solution File, Format Version 12.00
# Visual Studio Version 16
VisualStudioVersion = 16.0.34407.143
MinimumVisualStudioVersion = 10.0.40219.1
Project("{8BC9CEB8-8B4A-11D0-8D11-00A0C91BC942}") = "FlattenTransparency", "FlattenTransparency.vcxproj", "{0DA6E459-4717-4971-9126-F699804A7570}"
EndProject
Global
	GlobalSection(SolutionConfigurationPlatforms) = preSolution
		Debug|Win32 = Debug|Win32
		Release|Win32 = Release|Win32
	EndGlobalSection
	GlobalSection(ProjectConfigurationPlatforms) = postSolution
		{0DA6E459-4717-4971-9126-F699804A7570}.Debug|Win32.ActiveCfg = Debug|Win32
		{0DA6E459-4717-4971-9126-F699804A7570}.Debug|Win32.Build.0 = Debug|Win32
		{0DA6E459-4717-4971-9126-F699804A7570}.Release|Win32.ActiveCfg = Release|Win32
		{0DA6E459-4717-4971-9126-F699804A7570}.Release|Win32.Build.0 = Release|Win32
	EndGlobalSection
	GlobalSection(SolutionProperties) = preSolution
		HideSolutionNode = FALSE
	EndGlobalSection
	GlobalSection(ExtensibilityGlobals) = postSolution
		SolutionGuid = {030AF92E-F01A-4330-B9A1-2E1B4FF4EE65}
	EndGlobalSection
EndGlobal
