
Microsoft Visual Studio Solution File, Format Version 12.00
# Visual Studio Version 16
VisualStudioVersion = 16.0.34407.143
MinimumVisualStudioVersion = 10.0.40219.1
Project("{8BC9CEB8-8B4A-11D0-8D11-00A0C91BC942}") = "FlattenTransparency", "FlattenTransparency.vcxproj", "{0DA6E459-4717-4971-9126-F699804A7570}"
EndProject
Global
	GlobalSection(SolutionConfigurationPlatforms) = preSolution
		Debug|x64 = Debug|x64
		Release|x64 = Release|x64
	EndGlobalSection
	GlobalSection(ProjectConfigurationPlatforms) = postSolution
		{0DA6E459-4717-4971-9126-F699804A7570}.Debug|x64.ActiveCfg = Debug|x64
		{0DA6E459-4717-4971-9126-F699804A7570}.Debug|x64.Build.0 = Debug|x64
		{0DA6E459-4717-4971-9126-F699804A7570}.Release|x64.ActiveCfg = Release|x64
		{0DA6E459-4717-4971-9126-F699804A7570}.Release|x64.Build.0 = Release|x64
	EndGlobalSection
	GlobalSection(SolutionProperties) = preSolution
		HideSolutionNode = FALSE
	EndGlobalSection
	GlobalSection(ExtensibilityGlobals) = postSolution
		SolutionGuid = {5BD9CDCB-84A0-4108-989E-D477BB819972}
	EndGlobalSection
EndGlobal
