
Microsoft Visual Studio Solution File, Format Version 12.00
# Visual Studio Version 16
VisualStudioVersion = 16.0.34407.143
MinimumVisualStudioVersion = 10.0.40219.1
Project("{8BC9CEB8-8B4A-11D0-8D11-00A0C91BC942}") = "AddLinks", "AddLinks.vcxproj", "{939FEDCC-E180-47EB-8270-8ED8BD37BCDD}"
EndProject
Global
	GlobalSection(SolutionConfigurationPlatforms) = preSolution
		Debug|ARM64 = Debug|ARM64
		Release|ARM64 = Release|ARM64
	EndGlobalSection
	GlobalSection(ProjectConfigurationPlatforms) = postSolution
		{939FEDCC-E180-47EB-8270-8ED8BD37BCDD}.Debug|ARM64.ActiveCfg = Debug|ARM64
		{939FEDCC-E180-47EB-8270-8ED8BD37BCDD}.Debug|ARM64.Build.0 = Debug|ARM64
		{939FEDCC-E180-47EB-8270-8ED8BD37BCDD}.Release|ARM64.ActiveCfg = Release|ARM64
		{939FEDCC-E180-47EB-8270-8ED8BD37BCDD}.Release|ARM64.Build.0 = Release|ARM64
	EndGlobalSection
	GlobalSection(SolutionProperties) = preSolution
		HideSolutionNode = FALSE
	EndGlobalSection
	GlobalSection(ExtensibilityGlobals) = postSolution
		SolutionGuid = {74740F80-8BED-4C70-8271-6CEAA742B96B}
	EndGlobalSection
EndGlobal
