
Microsoft Visual Studio Solution File, Format Version 12.00
# Visual Studio 16
VisualStudioVersion = 16.0.34407.143
MinimumVisualStudioVersion = 10.0.40219.1
Project("{8BC9CEB8-8B4A-11D0-8D11-00A0C91BC942}") = "LockDocument", "LockDocument.vcxproj", "{60609083-04E5-4635-99F5-25C8C5B818A0}"
EndProject
Global
	GlobalSection(SolutionConfigurationPlatforms) = preSolution
		Debug|Win32 = Debug|Win32
		Release|Win32 = Release|Win32
	EndGlobalSection
	GlobalSection(ProjectConfigurationPlatforms) = postSolution
		{60609083-04E5-4635-99F5-25C8C5B818A0}.Debug|Win32.ActiveCfg = Debug|Win32
		{60609083-04E5-4635-99F5-25C8C5B818A0}.Debug|Win32.Build.0 = Debug|Win32
		{60609083-04E5-4635-99F5-25C8C5B818A0}.Release|Win32.ActiveCfg = Release|Win32
		{60609083-04E5-4635-99F5-25C8C5B818A0}.Release|Win32.Build.0 = Release|Win32
	EndGlobalSection
	GlobalSection(SolutionProperties) = preSolution
		HideSolutionNode = FALSE
	EndGlobalSection
	GlobalSection(ExtensibilityGlobals) = postSolution
		SolutionGuid = {7D56F252-A172-4E91-B1B1-AEFEC9B22EB4}
	EndGlobalSection
EndGlobal
