
Microsoft Visual Studio Solution File, Format Version 12.00
# Visual Studio Version 16
VisualStudioVersion = 16.0.34407.143
MinimumVisualStudioVersion = 10.0.40219.1
Project("{8BC9CEB8-8B4A-11D0-8D11-00A0C91BC942}") = "AddContent", "AddContent.vcxproj", "{826BF32A-5414-4DF3-8AF4-C65583AA773D}"
EndProject
Global
	GlobalSection(SolutionConfigurationPlatforms) = preSolution
		Debug|ARM64 = Debug|ARM64
		Release|ARM64 = Release|ARM64
	EndGlobalSection
	GlobalSection(ProjectConfigurationPlatforms) = postSolution
		{826BF32A-5414-4DF3-8AF4-C65583AA773D}.Debug|ARM64.ActiveCfg = Debug|ARM64
		{826BF32A-5414-4DF3-8AF4-C65583AA773D}.Debug|ARM64.Build.0 = Debug|ARM64
		{826BF32A-5414-4DF3-8AF4-C65583AA773D}.Release|ARM64.ActiveCfg = Release|ARM64
		{826BF32A-5414-4DF3-8AF4-C65583AA773D}.Release|ARM64.Build.0 = Release|ARM64
	EndGlobalSection
	GlobalSection(SolutionProperties) = preSolution
		HideSolutionNode = FALSE
	EndGlobalSection
	GlobalSection(ExtensibilityGlobals) = postSolution
		SolutionGuid = {BBDCDAFC-506D-4B26-95BD-D77F6C0EA6B0}
	EndGlobalSection
EndGlobal
