
Microsoft Visual Studio Solution File, Format Version 12.00
# Visual Studio Version 16
VisualStudioVersion = 16.0.34407.143
MinimumVisualStudioVersion = 10.0.40219.1
Project("{8BC9CEB8-8B4A-11D0-8D11-00A0C91BC942}") = "AddContent", "AddContent.vcxproj", "{826BF32A-5414-4DF3-8AF4-C65583AA773D}"
EndProject
Global
	GlobalSection(SolutionConfigurationPlatforms) = preSolution
		Debug|Win32 = Debug|Win32
		Release|Win32 = Release|Win32
	EndGlobalSection
	GlobalSection(ProjectConfigurationPlatforms) = postSolution
		{826BF32A-5414-4DF3-8AF4-C65583AA773D}.Debug|Win32.ActiveCfg = Debug|Win32
		{826BF32A-5414-4DF3-8AF4-C65583AA773D}.Debug|Win32.Build.0 = Debug|Win32
		{826BF32A-5414-4DF3-8AF4-C65583AA773D}.Release|Win32.ActiveCfg = Release|Win32
		{826BF32A-5414-4DF3-8AF4-C65583AA773D}.Release|Win32.Build.0 = Release|Win32
	EndGlobalSection
	GlobalSection(SolutionProperties) = preSolution
		HideSolutionNode = FALSE
	EndGlobalSection
	GlobalSection(ExtensibilityGlobals) = postSolution
		SolutionGuid = {F183D5D3-1102-40F9-9ECA-B8B809E8E5C8}
	EndGlobalSection
EndGlobal
